// !$*UTF8*$!
{
	archiveVersion = 1;
	classes = {
	};
	objectVersion = 55;
	objects = {

/* Begin PBXBuildFile section */
		227CD918285DD62C003912DB /* listCardSwiftUIAPIApp.swift in Sources */ = {isa = PBXBuildFile; fileRef = 227CD917285DD62C003912DB /* listCardSwiftUIAPIApp.swift */; };
		227CD91A285DD62C003912DB /* ListCardView.swift in Sources */ = {isa = PBXBuildFile; fileRef = 227CD919285DD62C003912DB /* ListCardView.swift */; };
		227CD91C285DD62D003912DB /* Assets.xcassets in Resources */ = {isa = PBXBuildFile; fileRef = 227CD91B285DD62D003912DB /* Assets.xcassets */; };
		227CD91F285DD62E003912DB /* Preview Assets.xcassets in Resources */ = {isa = PBXBuildFile; fileRef = 227CD91E285DD62D003912DB /* Preview Assets.xcassets */; };
		227CD926285DD83E003912DB /* ListCardViewModel.swift in Sources */ = {isa = PBXBuildFile; fileRef = 227CD925285DD83E003912DB /* ListCardViewModel.swift */; };
		227CD929285DDEC8003912DB /* Alamofire in Frameworks */ = {isa = PBXBuildFile; productRef = 227CD928285DDEC8003912DB /* Alamofire */; };
		227CD92C285DE0FA003912DB /* SwiftyJSON in Frameworks */ = {isa = PBXBuildFile; productRef = 227CD92B285DE0FA003912DB /* SwiftyJSON */; };
		227CD92E285E0449003912DB /* CardDetailView.swift in Sources */ = {isa = PBXBuildFile; fileRef = 227CD92D285E0449003912DB /* CardDetailView.swift */; };
		227CD930285E47C7003912DB /* CardDetailViewModel.swift in Sources */ = {isa = PBXBuildFile; fileRef = 227CD92F285E47C7003912DB /* CardDetailViewModel.swift */; };
		227CD934285E4C8B003912DB /* Const.swift in Sources */ = {isa = PBXBuildFile; fileRef = 227CD933285E4C8B003912DB /* Const.swift */; };
/* End PBXBuildFile section */

/* Begin PBXFileReference section */
		227CD914285DD62C003912DB /* listCardSwiftUIAPI.app */ = {isa = PBXFileReference; explicitFileType = wrapper.application; includeInIndex = 0; path = listCardSwiftUIAPI.app; sourceTree = BUILT_PRODUCTS_DIR; };
		227CD917285DD62C003912DB /* listCardSwiftUIAPIApp.swift */ = {isa = PBXFileReference; lastKnownFileType = sourcecode.swift; path = listCardSwiftUIAPIApp.swift; sourceTree = "<group>"; };
		227CD919285DD62C003912DB /* ListCardView.swift */ = {isa = PBXFileReference; lastKnownFileType = sourcecode.swift; path = ListCardView.swift; sourceTree = "<group>"; };
		227CD91B285DD62D003912DB /* Assets.xcassets */ = {isa = PBXFileReference; lastKnownFileType = folder.assetcatalog; path = Assets.xcassets; sourceTree = "<group>"; };
		227CD91E285DD62D003912DB /* Preview Assets.xcassets */ = {isa = PBXFileReference; lastKnownFileType = folder.assetcatalog; path = "Preview Assets.xcassets"; sourceTree = "<group>"; };
		227CD925285DD83E003912DB /* ListCardViewModel.swift */ = {isa = PBXFileReference; lastKnownFileType = sourcecode.swift; path = ListCardViewModel.swift; sourceTree = "<group>"; };
		227CD92D285E0449003912DB /* CardDetailView.swift */ = {isa = PBXFileReference; fileEncoding = 4; lastKnownFileType = sourcecode.swift; path = CardDetailView.swift; sourceTree = "<group>"; };
		227CD92F285E47C7003912DB /* CardDetailViewModel.swift */ = {isa = PBXFileReference; lastKnownFileType = sourcecode.swift; path = CardDetailViewModel.swift; sourceTree = "<group>"; };
		227CD933285E4C8B003912DB /* Const.swift */ = {isa = PBXFileReference; lastKnownFileType = sourcecode.swift; path = Const.swift; sourceTree = "<group>"; };
/* End PBXFileReference section */

/* Begin PBXFrameworksBuildPhase section */
		227CD911285DD62C003912DB /* Frameworks */ = {
			isa = PBXFrameworksBuildPhase;
			buildActionMask = 2147483647;
			files = (
				227CD92C285DE0FA003912DB /* SwiftyJSON in Frameworks */,
				227CD929285DDEC8003912DB /* Alamofire in Frameworks */,
			);
			runOnlyForDeploymentPostprocessing = 0;
		};
/* End PBXFrameworksBuildPhase section */

/* Begin PBXGroup section */
		227CD90B285DD62C003912DB = {
			isa = PBXGroup;
			children = (
				227CD916285DD62C003912DB /* listCardSwiftUIAPI */,
				227CD915285DD62C003912DB /* Products */,
			);
			sourceTree = "<group>";
		};
		227CD915285DD62C003912DB /* Products */ = {
			isa = PBXGroup;
			children = (
				227CD914285DD62C003912DB /* listCardSwiftUIAPI.app */,
			);
			name = Products;
			sourceTree = "<group>";
		};
		227CD916285DD62C003912DB /* listCardSwiftUIAPI */ = {
			isa = PBXGroup;
			children = (
				227CD917285DD62C003912DB /* listCardSwiftUIAPIApp.swift */,
				227CD935285E5083003912DB /* Views */,
				227CD936285E508E003912DB /* ViewModels */,
				227CD933285E4C8B003912DB /* Const.swift */,
				227CD91B285DD62D003912DB /* Assets.xcassets */,
				227CD91D285DD62D003912DB /* Preview Content */,
			);
			path = listCardSwiftUIAPI;
			sourceTree = "<group>";
		};
		227CD91D285DD62D003912DB /* Preview Content */ = {
			isa = PBXGroup;
			children = (
				227CD91E285DD62D003912DB /* Preview Assets.xcassets */,
			);
			path = "Preview Content";
			sourceTree = "<group>";
		};
		227CD935285E5083003912DB /* Views */ = {
			isa = PBXGroup;
			children = (
				227CD919285DD62C003912DB /* ListCardView.swift */,
				227CD92D285E0449003912DB /* CardDetailView.swift */,
			);
			path = Views;
			sourceTree = "<group>";
		};
		227CD936285E508E003912DB /* ViewModels */ = {
			isa = PBXGroup;
			children = (
				227CD925285DD83E003912DB /* ListCardViewModel.swift */,
				227CD92F285E47C7003912DB /* CardDetailViewModel.swift */,
			);
			path = ViewModels;
			sourceTree = "<group>";
		};
/* End PBXGroup section */

/* Begin PBXNativeTarget section */
		227CD913285DD62C003912DB /* listCardSwiftUIAPI */ = {
			isa = PBXNativeTarget;
			buildConfigurationList = 227CD922285DD62E003912DB /* Build configuration list for PBXNativeTarget "listCardSwiftUIAPI" */;
			buildPhases = (
				227CD910285DD62C003912DB /* Sources */,
				227CD911285DD62C003912DB /* Frameworks */,
				227CD912285DD62C003912DB /* Resources */,
			);
			buildRules = (
			);
			dependencies = (
			);
			name = listCardSwiftUIAPI;
			packageProductDependencies = (
				227CD928285DDEC8003912DB /* Alamofire */,
				227CD92B285DE0FA003912DB /* SwiftyJSON */,
			);
			productName = listCardSwiftUIAPI;
			productReference = 227CD914285DD62C003912DB /* listCardSwiftUIAPI.app */;
			productType = "com.apple.product-type.application";
		};
/* End PBXNativeTarget section */

/* Begin PBXProject section */
		227CD90C285DD62C003912DB /* Project object */ = {
			isa = PBXProject;
			attributes = {
				BuildIndependentTargetsInParallel = 1;
				LastSwiftUpdateCheck = 1340;
				LastUpgradeCheck = 1340;
				TargetAttributes = {
					227CD913285DD62C003912DB = {
						CreatedOnToolsVersion = 13.4.1;
					};
				};
			};
			buildConfigurationList = 227CD90F285DD62C003912DB /* Build configuration list for PBXProject "listCardSwiftUIAPI" */;
			compatibilityVersion = "Xcode 13.0";
			developmentRegion = en;
			hasScannedForEncodings = 0;
			knownRegions = (
				en,
				Base,
			);
			mainGroup = 227CD90B285DD62C003912DB;
			packageReferences = (
				227CD927285DDEC8003912DB /* XCRemoteSwiftPackageReference "Alamofire" */,
				227CD92A285DE0FA003912DB /* XCRemoteSwiftPackageReference "SwiftyJSON" */,
			);
			productRefGroup = 227CD915285DD62C003912DB /* Products */;
			projectDirPath = "";
			projectRoot = "";
			targets = (
				227CD913285DD62C003912DB /* listCardSwiftUIAPI */,
			);
		};
/* End PBXProject section */

/* Begin PBXResourcesBuildPhase section */
		227CD912285DD62C003912DB /* Resources */ = {
			isa = PBXResourcesBuildPhase;
			buildActionMask = 2147483647;
			files = (
				227CD91F285DD62E003912DB /* Preview Assets.xcassets in Resources */,
				227CD91C285DD62D003912DB /* Assets.xcassets in Resources */,
			);
			runOnlyForDeploymentPostprocessing = 0;
		};
/* End PBXResourcesBuildPhase section */

/* Begin PBXSourcesBuildPhase section */
		227CD910285DD62C003912DB /* Sources */ = {
			isa = PBXSourcesBuildPhase;
			buildActionMask = 2147483647;
			files = (
				227CD91A285DD62C003912DB /* ListCardView.swift in Sources */,
				227CD926285DD83E003912DB /* ListCardViewModel.swift in Sources */,
				227CD918285DD62C003912DB /* listCardSwiftUIAPIApp.swift in Sources */,
				227CD930285E47C7003912DB /* CardDetailViewModel.swift in Sources */,
				227CD92E285E0449003912DB /* CardDetailView.swift in Sources */,
				227CD934285E4C8B003912DB /* Const.swift in Sources */,
			);
			runOnlyForDeploymentPostprocessing = 0;
		};
/* End PBXSourcesBuildPhase section */

/* Begin XCBuildConfiguration section */
		227CD920285DD62E003912DB /* Debug */ = {
			isa = XCBuildConfiguration;
			buildSettings = {
				ALWAYS_SEARCH_USER_PATHS = NO;
				CLANG_ANALYZER_NONNULL = YES;
				CLANG_ANALYZER_NUMBER_OBJECT_CONVERSION = YES_AGGRESSIVE;
				CLANG_CXX_LANGUAGE_STANDARD = "gnu++17";
				CLANG_ENABLE_MODULES = YES;
				CLANG_ENABLE_OBJC_ARC = YES;
				CLANG_ENABLE_OBJC_WEAK = YES;
				CLANG_WARN_BLOCK_CAPTURE_AUTORELEASING = YES;
				CLANG_WARN_BOOL_CONVERSION = YES;
				CLANG_WARN_COMMA = YES;
				CLANG_WARN_CONSTANT_CONVERSION = YES;
				CLANG_WARN_DEPRECATED_OBJC_IMPLEMENTATIONS = YES;
				CLANG_WARN_DIRECT_OBJC_ISA_USAGE = YES_ERROR;
				CLANG_WARN_DOCUMENTATION_COMMENTS = YES;
				CLANG_WARN_EMPTY_BODY = YES;
				CLANG_WARN_ENUM_CONVERSION = YES;
				CLANG_WARN_INFINITE_RECURSION = YES;
				CLANG_WARN_INT_CONVERSION = YES;
				CLANG_WARN_NON_LITERAL_NULL_CONVERSION = YES;
				CLANG_WARN_OBJC_IMPLICIT_RETAIN_SELF = YES;
				CLANG_WARN_OBJC_LITERAL_CONVERSION = YES;
				CLANG_WARN_OBJC_ROOT_CLASS = YES_ERROR;
				CLANG_WARN_QUOTED_INCLUDE_IN_FRAMEWORK_HEADER = YES;
				CLANG_WARN_RANGE_LOOP_ANALYSIS = YES;
				CLANG_WARN_STRICT_PROTOTYPES = YES;
				CLANG_WARN_SUSPICIOUS_MOVE = YES;
				CLANG_WARN_UNGUARDED_AVAILABILITY = YES_AGGRESSIVE;
				CLANG_WARN_UNREACHABLE_CODE = YES;
				CLANG_WARN__DUPLICATE_METHOD_MATCH = YES;
				COPY_PHASE_STRIP = NO;
				DEBUG_INFORMATION_FORMAT = dwarf;
				ENABLE_STRICT_OBJC_MSGSEND = YES;
				ENABLE_TESTABILITY = YES;
				GCC_C_LANGUAGE_STANDARD = gnu11;
				GCC_DYNAMIC_NO_PIC = NO;
				GCC_NO_COMMON_BLOCKS = YES;
				GCC_OPTIMIZATION_LEVEL = 0;
				GCC_PREPROCESSOR_DEFINITIONS = (
					"DEBUG=1",
					"$(inherited)",
				);
				GCC_WARN_64_TO_32_BIT_CONVERSION = YES;
				GCC_WARN_ABOUT_RETURN_TYPE = YES_ERROR;
				GCC_WARN_UNDECLARED_SELECTOR = YES;
				GCC_WARN_UNINITIALIZED_AUTOS = YES_AGGRESSIVE;
				GCC_WARN_UNUSED_FUNCTION = YES;
				GCC_WARN_UNUSED_VARIABLE = YES;
				IPHONEOS_DEPLOYMENT_TARGET = 15.5;
				MTL_ENABLE_DEBUG_INFO = INCLUDE_SOURCE;
				MTL_FAST_MATH = YES;
				ONLY_ACTIVE_ARCH = YES;
				SDKROOT = iphoneos;
				SWIFT_ACTIVE_COMPILATION_CONDITIONS = DEBUG;
				SWIFT_OPTIMIZATION_LEVEL = "-Onone";
			};
			name = Debug;
		};
		227CD921285DD62E003912DB /* Release */ = {
			isa = XCBuildConfiguration;
			buildSettings = {
				ALWAYS_SEARCH_USER_PATHS = NO;
				CLANG_ANALYZER_NONNULL = YES;
				CLANG_ANALYZER_NUMBER_OBJECT_CONVERSION = YES_AGGRESSIVE;
				CLANG_CXX_LANGUAGE_STANDARD = "gnu++17";
				CLANG_ENABLE_MODULES = YES;
				CLANG_ENABLE_OBJC_ARC = YES;
				CLANG_ENABLE_OBJC_WEAK = YES;
				CLANG_WARN_BLOCK_CAPTURE_AUTORELEASING = YES;
				CLANG_WARN_BOOL_CONVERSION = YES;
				CLANG_WARN_COMMA = YES;
				CLANG_WARN_CONSTANT_CONVERSION = YES;
				CLANG_WARN_DEPRECATED_OBJC_IMPLEMENTATIONS = YES;
				CLANG_WARN_DIRECT_OBJC_ISA_USAGE = YES_ERROR;
				CLANG_WARN_DOCUMENTATION_COMMENTS = YES;
				CLANG_WARN_EMPTY_BODY = YES;
				CLANG_WARN_ENUM_CONVERSION = YES;
				CLANG_WARN_INFINITE_RECURSION = YES;
				CLANG_WARN_INT_CONVERSION = YES;
				CLANG_WARN_NON_LITERAL_NULL_CONVERSION = YES;
				CLANG_WARN_OBJC_IMPLICIT_RETAIN_SELF = YES;
				CLANG_WARN_OBJC_LITERAL_CONVERSION = YES;
				CLANG_WARN_OBJC_ROOT_CLASS = YES_ERROR;
				CLANG_WARN_QUOTED_INCLUDE_IN_FRAMEWORK_HEADER = YES;
				CLANG_WARN_RANGE_LOOP_ANALYSIS = YES;
				CLANG_WARN_STRICT_PROTOTYPES = YES;
				CLANG_WARN_SUSPICIOUS_MOVE = YES;
				CLANG_WARN_UNGUARDED_AVAILABILITY = YES_AGGRESSIVE;
				CLANG_WARN_UNREACHABLE_CODE = YES;
				CLANG_WARN__DUPLICATE_METHOD_MATCH = YES;
				COPY_PHASE_STRIP = NO;
				DEBUG_INFORMATION_FORMAT = "dwarf-with-dsym";
				ENABLE_NS_ASSERTIONS = NO;
				ENABLE_STRICT_OBJC_MSGSEND = YES;
				GCC_C_LANGUAGE_STANDARD = gnu11;
				GCC_NO_COMMON_BLOCKS = YES;
				GCC_WARN_64_TO_32_BIT_CONVERSION = YES;
				GCC_WARN_ABOUT_RETURN_TYPE = YES_ERROR;
				GCC_WARN_UNDECLARED_SELECTOR = YES;
				GCC_WARN_UNINITIALIZED_AUTOS = YES_AGGRESSIVE;
				GCC_WARN_UNUSED_FUNCTION = YES;
				GCC_WARN_UNUSED_VARIABLE = YES;
				IPHONEOS_DEPLOYMENT_TARGET = 15.5;
				MTL_ENABLE_DEBUG_INFO = NO;
				MTL_FAST_MATH = YES;
				SDKROOT = iphoneos;
				SWIFT_COMPILATION_MODE = wholemodule;
				SWIFT_OPTIMIZATION_LEVEL = "-O";
				VALIDATE_PRODUCT = YES;
			};
			name = Release;
		};
		227CD923285DD62E003912DB /* Debug */ = {
			isa = XCBuildConfiguration;
			buildSettings = {
				ASSETCATALOG_COMPILER_APPICON_NAME = AppIcon;
				ASSETCATALOG_COMPILER_GLOBAL_ACCENT_COLOR_NAME = AccentColor;
				CODE_SIGN_STYLE = Automatic;
				CURRENT_PROJECT_VERSION = 1;
				DEVELOPMENT_ASSET_PATHS = "\"listCardSwiftUIAPI/Preview Content\"";
				DEVELOPMENT_TEAM = B24EEZ8S3G;
				ENABLE_PREVIEWS = YES;
				GENERATE_INFOPLIST_FILE = YES;
				INFOPLIST_KEY_UIApplicationSceneManifest_Generation = YES;
				INFOPLIST_KEY_UIApplicationSupportsIndirectInputEvents = YES;
				INFOPLIST_KEY_UILaunchScreen_Generation = YES;
				INFOPLIST_KEY_UISupportedInterfaceOrientations_iPad = "UIInterfaceOrientationPortrait UIInterfaceOrientationPortraitUpsideDown UIInterfaceOrientationLandscapeLeft UIInterfaceOrientationLandscapeRight";
				INFOPLIST_KEY_UISupportedInterfaceOrientations_iPhone = "UIInterfaceOrientationPortrait UIInterfaceOrientationLandscapeLeft UIInterfaceOrientationLandscapeRight";
				LD_RUNPATH_SEARCH_PATHS = (
					"$(inherited)",
					"@executable_path/Frameworks",
				);
				MARKETING_VERSION = 1.0;
				PRODUCT_BUNDLE_IDENTIFIER = com.tainguyen..listCardSwiftUIAPI;
				PRODUCT_NAME = "$(TARGET_NAME)";
				SWIFT_EMIT_LOC_STRINGS = YES;
				SWIFT_VERSION = 5.0;
				TARGETED_DEVICE_FAMILY = "1,2";
			};
			name = Debug;
		};
		227CD924285DD62E003912DB /* Release */ = {
			isa = XCBuildConfiguration;
			buildSettings = {
				ASSETCATALOG_COMPILER_APPICON_NAME = AppIcon;
				ASSETCATALOG_COMPILER_GLOBAL_ACCENT_COLOR_NAME = AccentColor;
				CODE_SIGN_STYLE = Automatic;
				CURRENT_PROJECT_VERSION = 1;
				DEVELOPMENT_ASSET_PATHS = "\"listCardSwiftUIAPI/Preview Content\"";
				DEVELOPMENT_TEAM = B24EEZ8S3G;
				ENABLE_PREVIEWS = YES;
				GENERATE_INFOPLIST_FILE = YES;
				INFOPLIST_KEY_UIApplicationSceneManifest_Generation = YES;
				INFOPLIST_KEY_UIApplicationSupportsIndirectInputEvents = YES;
				INFOPLIST_KEY_UILaunchScreen_Generation = YES;
				INFOPLIST_KEY_UISupportedInterfaceOrientations_iPad = "UIInterfaceOrientationPortrait UIInterfaceOrientationPortraitUpsideDown UIInterfaceOrientationLandscapeLeft UIInterfaceOrientationLandscapeRight";
				INFOPLIST_KEY_UISupportedInterfaceOrientations_iPhone = "UIInterfaceOrientationPortrait UIInterfaceOrientationLandscapeLeft UIInterfaceOrientationLandscapeRight";
				LD_RUNPATH_SEARCH_PATHS = (
					"$(inherited)",
					"@executable_path/Frameworks",
				);
				MARKETING_VERSION = 1.0;
				PRODUCT_BUNDLE_IDENTIFIER = com.tainguyen..listCardSwiftUIAPI;
				PRODUCT_NAME = "$(TARGET_NAME)";
				SWIFT_EMIT_LOC_STRINGS = YES;
				SWIFT_VERSION = 5.0;
				TARGETED_DEVICE_FAMILY = "1,2";
			};
			name = Release;
		};
/* End XCBuildConfiguration section */

/* Begin XCConfigurationList section */
		227CD90F285DD62C003912DB /* Build configuration list for PBXProject "listCardSwiftUIAPI" */ = {
			isa = XCConfigurationList;
			buildConfigurations = (
				227CD920285DD62E003912DB /* Debug */,
				227CD921285DD62E003912DB /* Release */,
			);
			defaultConfigurationIsVisible = 0;
			defaultConfigurationName = Release;
		};
		227CD922285DD62E003912DB /* Build configuration list for PBXNativeTarget "listCardSwiftUIAPI" */ = {
			isa = XCConfigurationList;
			buildConfigurations = (
				227CD923285DD62E003912DB /* Debug */,
				227CD924285DD62E003912DB /* Release */,
			);
			defaultConfigurationIsVisible = 0;
			defaultConfigurationName = Release;
		};
/* End XCConfigurationList section */

/* Begin XCRemoteSwiftPackageReference section */
		227CD927285DDEC8003912DB /* XCRemoteSwiftPackageReference "Alamofire" */ = {
			isa = XCRemoteSwiftPackageReference;
			repositoryURL = "https://github.com/Alamofire/Alamofire.git";
			requirement = {
				kind = upToNextMajorVersion;
				minimumVersion = 5.0.0;
			};
		};
		227CD92A285DE0FA003912DB /* XCRemoteSwiftPackageReference "SwiftyJSON" */ = {
			isa = XCRemoteSwiftPackageReference;
			repositoryURL = "https://github.com/SwiftyJSON/SwiftyJSON.git";
			requirement = {
				kind = upToNextMajorVersion;
				minimumVersion = 5.0.0;
			};
		};
/* End XCRemoteSwiftPackageReference section */

/* Begin XCSwiftPackageProductDependency section */
		227CD928285DDEC8003912DB /* Alamofire */ = {
			isa = XCSwiftPackageProductDependency;
			package = 227CD927285DDEC8003912DB /* XCRemoteSwiftPackageReference "Alamofire" */;
			productName = Alamofire;
		};
		227CD92B285DE0FA003912DB /* SwiftyJSON */ = {
			isa = XCSwiftPackageProductDependency;
			package = 227CD92A285DE0FA003912DB /* XCRemoteSwiftPackageReference "SwiftyJSON" */;
			productName = SwiftyJSON;
		};
/* End XCSwiftPackageProductDependency section */
	};
	rootObject = 227CD90C285DD62C003912DB /* Project object */;
}
